PODS:
  - Capacitor (7.4.4):
    - CapacitorCordova
  - CapacitorCamera (7.0.3):
    - Capacitor
  - CapacitorCordova (7.4.4)
  - CapacitorGeolocation (7.1.7):
    - Capacitor
    - IONGeolocationLib (= 1.0.1)
  - CapacitorPluginAppTrackingTransparency (2.0.5):
    - Capacitor
  - CapacitorPushNotifications (7.0.4):
    - Capacitor
  - CapacitorSplashScreen (7.0.4):
    - Capacitor
  - IONGeolocationLib (1.0.1)
  - StoreKitPlugin (1.0.0):
    - Capacitor
    - CapacitorCordova

DEPENDENCIES:
  - "Capacitor (from `../../node_modules/@capacitor/ios`)"
  - "CapacitorCamera (from `../../node_modules/@capacitor/camera`)"
  - "CapacitorCordova (from `../../node_modules/@capacitor/ios`)"
  - "CapacitorGeolocation (from `../../node_modules/@capacitor/geolocation`)"
  - CapacitorPluginAppTrackingTransparency (from `../../node_modules/capacitor-plugin-app-tracking-transparency`)
  - "CapacitorPushNotifications (from `../../node_modules/@capacitor/push-notifications`)"
  - "CapacitorSplashScreen (from `../../node_modules/@capacitor/splash-screen`)"
  - StoreKitPlugin (from `../`)

SPEC REPOS:
  trunk:
    - IONGeolocationLib

EXTERNAL SOURCES:
  Capacitor:
    :path: "../../node_modules/@capacitor/ios"
  CapacitorCamera:
    :path: "../../node_modules/@capacitor/camera"
  CapacitorCordova:
    :path: "../../node_modules/@capacitor/ios"
  CapacitorGeolocation:
    :path: "../../node_modules/@capacitor/geolocation"
  CapacitorPluginAppTrackingTransparency:
    :path: "../../node_modules/capacitor-plugin-app-tracking-transparency"
  CapacitorPushNotifications:
    :path: "../../node_modules/@capacitor/push-notifications"
  CapacitorSplashScreen:
    :path: "../../node_modules/@capacitor/splash-screen"
  StoreKitPlugin:
    :path: "../"

SPEC CHECKSUMS:
  Capacitor: 09d9ff8e9618e8c4b3cab2bbee34a17215dd2fef
  CapacitorCamera: 6ef67fd287de230ebd8cda05f2a7ffd44a48e568
  CapacitorCordova: bf648a636f3c153f652d312ae145fb508b6ffced
  CapacitorGeolocation: bcd9412a99fd542b585561238b210bd2b162b8f6
  CapacitorPluginAppTrackingTransparency: 2a2792623a5a72795f2e8f9ab3f1147573732fd8
  CapacitorPushNotifications: 57b0df89c5084a19c939e2fbe3b77446fe55a35b
  CapacitorSplashScreen: 03d04ffe57d5b619cfc162efc7415a965c92cc3f
  IONGeolocationLib: 20f9d0248a0b5264511fb57a37e25dd2badf797a
  StoreKitPlugin: 5994ed3bdae4937451cf2d786a74cedbfc8279b9

PODFILE CHECKSUM: 973b0b7cec51552a494e9555786be768bebd6415

COCOAPODS: 1.16.2
